// !$*UTF8*$!
{
	archiveVersion = 1;
	classes = {
	};
	objectVersion = 77;
	objects = {

/* Begin PBXBuildFile section */
		382CFC172DAFA4F600CFBB7D /* Common in Frameworks */ = {isa = PBXBuildFile; productRef = 382CFC162DAFA4F600CFBB7D /* Common */; };
		382CFC192DAFA4F600CFBB7D /* FeedItemsFeature in Frameworks */ = {isa = PBXBuildFile; productRef = 382CFC182DAFA4F600CFBB7D /* FeedItemsFeature */; };
		382CFC1B2DAFA4F600CFBB7D /* PersistenceClient in Frameworks */ = {isa = PBXBuildFile; productRef = 382CFC1A2DAFA4F600CFBB7D /* PersistenceClient */; };
		386201412DB137FF00613CA2 /* NotificationClient in Frameworks */ = {isa = PBXBuildFile; productRef = 386201402DB137FF00613CA2 /* NotificationClient */; };
		3882B1C32DAFE47B0069A7E1 /* TabBarFeature in Frameworks */ = {isa = PBXBuildFile; productRef = 3882B1C22DAFE47B0069A7E1 /* TabBarFeature */; };
		388B93BF2DAD202C0096CB2E /* FeedListFeature in Frameworks */ = {isa = PBXBuildFile; productRef = 388B93BE2DAD202C0096CB2E /* FeedListFeature */; };
		38C352E32DABF64F008FA670 /* RSSClient in Frameworks */ = {isa = PBXBuildFile; productRef = 38C352E22DABF64F008FA670 /* RSSClient */; };
		38C352E52DABF64F008FA670 /* SharedModels in Frameworks */ = {isa = PBXBuildFile; productRef = 38C352E42DABF64F008FA670 /* SharedModels */; };
/* End PBXBuildFile section */

/* Begin PBXContainerItemProxy section */
		386A8D302DAA864A00BCD162 /* PBXContainerItemProxy */ = {
			isa = PBXContainerItemProxy;
			containerPortal = 386A8D162DAA864900BCD162 /* Project object */;
			proxyType = 1;
			remoteGlobalIDString = 386A8D1D2DAA864900BCD162;
			remoteInfo = RSSReader;
		};
		386A8D3A2DAA864A00BCD162 /* PBXContainerItemProxy */ = {
			isa = PBXContainerItemProxy;
			containerPortal = 386A8D162DAA864900BCD162 /* Project object */;
			proxyType = 1;
			remoteGlobalIDString = 386A8D1D2DAA864900BCD162;
			remoteInfo = RSSReader;
		};
/* End PBXContainerItemProxy section */

/* Begin PBXFileReference section */
		386A8D1E2DAA864900BCD162 /* RSSReader.app */ = {isa = PBXFileReference; explicitFileType = wrapper.application; includeInIndex = 0; path = RSSReader.app; sourceTree = BUILT_PRODUCTS_DIR; };
		386A8D2F2DAA864A00BCD162 /* RSSReaderTests.xctest */ = {isa = PBXFileReference; explicitFileType = wrapper.cfbundle; includeInIndex = 0; path = RSSReaderTests.xctest; sourceTree = BUILT_PRODUCTS_DIR; };
		386A8D392DAA864A00BCD162 /* RSSReaderUITests.xctest */ = {isa = PBXFileReference; explicitFileType = wrapper.cfbundle; includeInIndex = 0; path = RSSReaderUITests.xctest; sourceTree = BUILT_PRODUCTS_DIR; };
		386A8D4C2DAA86FC00BCD162 /* RSSReaderKit */ = {isa = PBXFileReference; lastKnownFileType = wrapper; path = RSSReaderKit; sourceTree = "<group>"; };
		38C352CA2DABC4F1008FA670 /* RSSClient.xctestplan */ = {isa = PBXFileReference; lastKnownFileType = text; path = RSSClient.xctestplan; sourceTree = "<group>"; };
/* End PBXFileReference section */

/* Begin PBXFileSystemSynchronizedRootGroup section */
		386A8D202DAA864900BCD162 /* RSSReader */ = {
			isa = PBXFileSystemSynchronizedRootGroup;
			path = RSSReader;
			sourceTree = "<group>";
		};
		386A8D322DAA864A00BCD162 /* RSSReaderTests */ = {
			isa = PBXFileSystemSynchronizedRootGroup;
			path = RSSReaderTests;
			sourceTree = "<group>";
		};
		386A8D3C2DAA864A00BCD162 /* RSSReaderUITests */ = {
			isa = PBXFileSystemSynchronizedRootGroup;
			path = RSSReaderUITests;
			sourceTree = "<group>";
		};
/* End PBXFileSystemSynchronizedRootGroup section */

/* Begin PBXFrameworksBuildPhase section */
		386A8D1B2DAA864900BCD162 /* Frameworks */ = {
			isa = PBXFrameworksBuildPhase;
			buildActionMask = 2147483647;
			files = (
				386201412DB137FF00613CA2 /* NotificationClient in Frameworks */,
				38C352E32DABF64F008FA670 /* RSSClient in Frameworks */,
				3882B1C32DAFE47B0069A7E1 /* TabBarFeature in Frameworks */,
				388B93BF2DAD202C0096CB2E /* FeedListFeature in Frameworks */,
				38C352E52DABF64F008FA670 /* SharedModels in Frameworks */,
				382CFC1B2DAFA4F600CFBB7D /* PersistenceClient in Frameworks */,
				382CFC192DAFA4F600CFBB7D /* FeedItemsFeature in Frameworks */,
				382CFC172DAFA4F600CFBB7D /* Common in Frameworks */,
			);
			runOnlyForDeploymentPostprocessing = 0;
		};
		386A8D2C2DAA864A00BCD162 /* Frameworks */ = {
			isa = PBXFrameworksBuildPhase;
			buildActionMask = 2147483647;
			files = (
			);
			runOnlyForDeploymentPostprocessing = 0;
		};
		386A8D362DAA864A00BCD162 /* Frameworks */ = {
			isa = PBXFrameworksBuildPhase;
			buildActionMask = 2147483647;
			files = (
			);
			runOnlyForDeploymentPostprocessing = 0;
		};
/* End PBXFrameworksBuildPhase section */

/* Begin PBXGroup section */
		386A8D152DAA864900BCD162 = {
			isa = PBXGroup;
			children = (
				38C352CA2DABC4F1008FA670 /* RSSClient.xctestplan */,
				386A8D4C2DAA86FC00BCD162 /* RSSReaderKit */,
				386A8D202DAA864900BCD162 /* RSSReader */,
				386A8D322DAA864A00BCD162 /* RSSReaderTests */,
				386A8D3C2DAA864A00BCD162 /* RSSReaderUITests */,
				38C352E12DABF64F008FA670 /* Frameworks */,
				386A8D1F2DAA864900BCD162 /* Products */,
			);
			sourceTree = "<group>";
		};
		386A8D1F2DAA864900BCD162 /* Products */ = {
			isa = PBXGroup;
			children = (
				386A8D1E2DAA864900BCD162 /* RSSReader.app */,
				386A8D2F2DAA864A00BCD162 /* RSSReaderTests.xctest */,
				386A8D392DAA864A00BCD162 /* RSSReaderUITests.xctest */,
			);
			name = Products;
			sourceTree = "<group>";
		};
		38C352E12DABF64F008FA670 /* Frameworks */ = {
			isa = PBXGroup;
			children = (
			);
			name = Frameworks;
			sourceTree = "<group>";
		};
/* End PBXGroup section */

/* Begin PBXNativeTarget section */
		386A8D1D2DAA864900BCD162 /* RSSReader */ = {
			isa = PBXNativeTarget;
			buildConfigurationList = 386A8D432DAA864A00BCD162 /* Build configuration list for PBXNativeTarget "RSSReader" */;
			buildPhases = (
				386A8D1A2DAA864900BCD162 /* Sources */,
				386A8D1B2DAA864900BCD162 /* Frameworks */,
				386A8D1C2DAA864900BCD162 /* Resources */,
			);
			buildRules = (
			);
			dependencies = (
			);
			fileSystemSynchronizedGroups = (
				386A8D202DAA864900BCD162 /* RSSReader */,
			);
			name = RSSReader;
			packageProductDependencies = (
				38C352E22DABF64F008FA670 /* RSSClient */,
				38C352E42DABF64F008FA670 /* SharedModels */,
				388B93BE2DAD202C0096CB2E /* FeedListFeature */,
				382CFC162DAFA4F600CFBB7D /* Common */,
				382CFC182DAFA4F600CFBB7D /* FeedItemsFeature */,
				382CFC1A2DAFA4F600CFBB7D /* PersistenceClient */,
				3882B1C22DAFE47B0069A7E1 /* TabBarFeature */,
				386201402DB137FF00613CA2 /* NotificationClient */,
			);
			productName = RSSReader;
			productReference = 386A8D1E2DAA864900BCD162 /* RSSReader.app */;
			productType = "com.apple.product-type.application";
		};
		386A8D2E2DAA864A00BCD162 /* RSSReaderTests */ = {
			isa = PBXNativeTarget;
			buildConfigurationList = 386A8D462DAA864A00BCD162 /* Build configuration list for PBXNativeTarget "RSSReaderTests" */;
			buildPhases = (
				386A8D2B2DAA864A00BCD162 /* Sources */,
				386A8D2C2DAA864A00BCD162 /* Frameworks */,
				386A8D2D2DAA864A00BCD162 /* Resources */,
			);
			buildRules = (
			);
			dependencies = (
				386A8D312DAA864A00BCD162 /* PBXTargetDependency */,
			);
			fileSystemSynchronizedGroups = (
				386A8D322DAA864A00BCD162 /* RSSReaderTests */,
			);
			name = RSSReaderTests;
			packageProductDependencies = (
			);
			productName = RSSReaderTests;
			productReference = 386A8D2F2DAA864A00BCD162 /* RSSReaderTests.xctest */;
			productType = "com.apple.product-type.bundle.unit-test";
		};
		386A8D382DAA864A00BCD162 /* RSSReaderUITests */ = {
			isa = PBXNativeTarget;
			buildConfigurationList = 386A8D492DAA864A00BCD162 /* Build configuration list for PBXNativeTarget "RSSReaderUITests" */;
			buildPhases = (
				386A8D352DAA864A00BCD162 /* Sources */,
				386A8D362DAA864A00BCD162 /* Frameworks */,
				386A8D372DAA864A00BCD162 /* Resources */,
			);
			buildRules = (
			);
			dependencies = (
				386A8D3B2DAA864A00BCD162 /* PBXTargetDependency */,
			);
			fileSystemSynchronizedGroups = (
				386A8D3C2DAA864A00BCD162 /* RSSReaderUITests */,
			);
			name = RSSReaderUITests;
			packageProductDependencies = (
			);
			productName = RSSReaderUITests;
			productReference = 386A8D392DAA864A00BCD162 /* RSSReaderUITests.xctest */;
			productType = "com.apple.product-type.bundle.ui-testing";
		};
/* End PBXNativeTarget section */

/* Begin PBXProject section */
		386A8D162DAA864900BCD162 /* Project object */ = {
			isa = PBXProject;
			attributes = {
				BuildIndependentTargetsInParallel = 1;
				LastSwiftUpdateCheck = 1620;
				LastUpgradeCheck = 1620;
				TargetAttributes = {
					386A8D1D2DAA864900BCD162 = {
						CreatedOnToolsVersion = 16.2;
					};
					386A8D2E2DAA864A00BCD162 = {
						CreatedOnToolsVersion = 16.2;
						TestTargetID = 386A8D1D2DAA864900BCD162;
					};
					386A8D382DAA864A00BCD162 = {
						CreatedOnToolsVersion = 16.2;
						TestTargetID = 386A8D1D2DAA864900BCD162;
					};
				};
			};
			buildConfigurationList = 386A8D192DAA864900BCD162 /* Build configuration list for PBXProject "RSSReader" */;
			developmentRegion = en;
			hasScannedForEncodings = 0;
			knownRegions = (
				en,
				Base,
			);
			mainGroup = 386A8D152DAA864900BCD162;
			minimizedProjectReferenceProxies = 1;
			preferredProjectObjectVersion = 77;
			productRefGroup = 386A8D1F2DAA864900BCD162 /* Products */;
			projectDirPath = "";
			projectRoot = "";
			targets = (
				386A8D1D2DAA864900BCD162 /* RSSReader */,
				386A8D2E2DAA864A00BCD162 /* RSSReaderTests */,
				386A8D382DAA864A00BCD162 /* RSSReaderUITests */,
			);
		};
/* End PBXProject section */

/* Begin PBXResourcesBuildPhase section */
		386A8D1C2DAA864900BCD162 /* Resources */ = {
			isa = PBXResourcesBuildPhase;
			buildActionMask = 2147483647;
			files = (
			);
			runOnlyForDeploymentPostprocessing = 0;
		};
		386A8D2D2DAA864A00BCD162 /* Resources */ = {
			isa = PBXResourcesBuildPhase;
			buildActionMask = 2147483647;
			files = (
			);
			runOnlyForDeploymentPostprocessing = 0;
		};
		386A8D372DAA864A00BCD162 /* Resources */ = {
			isa = PBXResourcesBuildPhase;
			buildActionMask = 2147483647;
			files = (
			);
			runOnlyForDeploymentPostprocessing = 0;
		};
/* End PBXResourcesBuildPhase section */

/* Begin PBXSourcesBuildPhase section */
		386A8D1A2DAA864900BCD162 /* Sources */ = {
			isa = PBXSourcesBuildPhase;
			buildActionMask = 2147483647;
			files = (
			);
			runOnlyForDeploymentPostprocessing = 0;
		};
		386A8D2B2DAA864A00BCD162 /* Sources */ = {
			isa = PBXSourcesBuildPhase;
			buildActionMask = 2147483647;
			files = (
			);
			runOnlyForDeploymentPostprocessing = 0;
		};
		386A8D352DAA864A00BCD162 /* Sources */ = {
			isa = PBXSourcesBuildPhase;
			buildActionMask = 2147483647;
			files = (
			);
			runOnlyForDeploymentPostprocessing = 0;
		};
/* End PBXSourcesBuildPhase section */

/* Begin PBXTargetDependency section */
		386A8D312DAA864A00BCD162 /* PBXTargetDependency */ = {
			isa = PBXTargetDependency;
			target = 386A8D1D2DAA864900BCD162 /* RSSReader */;
			targetProxy = 386A8D302DAA864A00BCD162 /* PBXContainerItemProxy */;
		};
		386A8D3B2DAA864A00BCD162 /* PBXTargetDependency */ = {
			isa = PBXTargetDependency;
			target = 386A8D1D2DAA864900BCD162 /* RSSReader */;
			targetProxy = 386A8D3A2DAA864A00BCD162 /* PBXContainerItemProxy */;
		};
/* End PBXTargetDependency section */

/* Begin XCBuildConfiguration section */
		386A8D412DAA864A00BCD162 /* Debug */ = {
			isa = XCBuildConfiguration;
			buildSettings = {
				ALWAYS_SEARCH_USER_PATHS = NO;
				ASSETCATALOG_COMPILER_GENERATE_SWIFT_ASSET_SYMBOL_EXTENSIONS = YES;
				CLANG_ANALYZER_NONNULL = YES;
				CLANG_ANALYZER_NUMBER_OBJECT_CONVERSION = YES_AGGRESSIVE;
				CLANG_CXX_LANGUAGE_STANDARD = "gnu++20";
				CLANG_ENABLE_MODULES = YES;
				CLANG_ENABLE_OBJC_ARC = YES;
				CLANG_ENABLE_OBJC_WEAK = YES;
				CLANG_WARN_BLOCK_CAPTURE_AUTORELEASING = YES;
				CLANG_WARN_BOOL_CONVERSION = YES;
				CLANG_WARN_COMMA = YES;
				CLANG_WARN_CONSTANT_CONVERSION = YES;
				CLANG_WARN_DEPRECATED_OBJC_IMPLEMENTATIONS = YES;
				CLANG_WARN_DIRECT_OBJC_ISA_USAGE = YES_ERROR;
				CLANG_WARN_DOCUMENTATION_COMMENTS = YES;
				CLANG_WARN_EMPTY_BODY = YES;
				CLANG_WARN_ENUM_CONVERSION = YES;
				CLANG_WARN_INFINITE_RECURSION = YES;
				CLANG_WARN_INT_CONVERSION = YES;
				CLANG_WARN_NON_LITERAL_NULL_CONVERSION = YES;
				CLANG_WARN_OBJC_IMPLICIT_RETAIN_SELF = YES;
				CLANG_WARN_OBJC_LITERAL_CONVERSION = YES;
				CLANG_WARN_OBJC_ROOT_CLASS = YES_ERROR;
				CLANG_WARN_QUOTED_INCLUDE_IN_FRAMEWORK_HEADER = YES;
				CLANG_WARN_RANGE_LOOP_ANALYSIS = YES;
				CLANG_WARN_STRICT_PROTOTYPES = YES;
				CLANG_WARN_SUSPICIOUS_MOVE = YES;
				CLANG_WARN_UNGUARDED_AVAILABILITY = YES_AGGRESSIVE;
				CLANG_WARN_UNREACHABLE_CODE = YES;
				CLANG_WARN__DUPLICATE_METHOD_MATCH = YES;
				COPY_PHASE_STRIP = NO;
				DEBUG_INFORMATION_FORMAT = dwarf;
				ENABLE_STRICT_OBJC_MSGSEND = YES;
				ENABLE_TESTABILITY = YES;
				ENABLE_USER_SCRIPT_SANDBOXING = YES;
				GCC_C_LANGUAGE_STANDARD = gnu17;
				GCC_DYNAMIC_NO_PIC = NO;
				GCC_NO_COMMON_BLOCKS = YES;
				GCC_OPTIMIZATION_LEVEL = 0;
				GCC_PREPROCESSOR_DEFINITIONS = (
					"DEBUG=1",
					"$(inherited)",
				);
				GCC_WARN_64_TO_32_BIT_CONVERSION = YES;
				GCC_WARN_ABOUT_RETURN_TYPE = YES_ERROR;
				GCC_WARN_UNDECLARED_SELECTOR = YES;
				GCC_WARN_UNINITIALIZED_AUTOS = YES_AGGRESSIVE;
				GCC_WARN_UNUSED_FUNCTION = YES;
				GCC_WARN_UNUSED_VARIABLE = YES;
				LOCALIZATION_PREFERS_STRING_CATALOGS = YES;
				MTL_ENABLE_DEBUG_INFO = INCLUDE_SOURCE;
				MTL_FAST_MATH = YES;
				ONLY_ACTIVE_ARCH = YES;
				SWIFT_ACTIVE_COMPILATION_CONDITIONS = "DEBUG $(inherited)";
				SWIFT_OPTIMIZATION_LEVEL = "-Onone";
			};
			name = Debug;
		};
		386A8D422DAA864A00BCD162 /* Release */ = {
			isa = XCBuildConfiguration;
			buildSettings = {
				ALWAYS_SEARCH_USER_PATHS = NO;
				ASSETCATALOG_COMPILER_GENERATE_SWIFT_ASSET_SYMBOL_EXTENSIONS = YES;
				CLANG_ANALYZER_NONNULL = YES;
				CLANG_ANALYZER_NUMBER_OBJECT_CONVERSION = YES_AGGRESSIVE;
				CLANG_CXX_LANGUAGE_STANDARD = "gnu++20";
				CLANG_ENABLE_MODULES = YES;
				CLANG_ENABLE_OBJC_ARC = YES;
				CLANG_ENABLE_OBJC_WEAK = YES;
				CLANG_WARN_BLOCK_CAPTURE_AUTORELEASING = YES;
				CLANG_WARN_BOOL_CONVERSION = YES;
				CLANG_WARN_COMMA = YES;
				CLANG_WARN_CONSTANT_CONVERSION = YES;
				CLANG_WARN_DEPRECATED_OBJC_IMPLEMENTATIONS = YES;
				CLANG_WARN_DIRECT_OBJC_ISA_USAGE = YES_ERROR;
				CLANG_WARN_DOCUMENTATION_COMMENTS = YES;
				CLANG_WARN_EMPTY_BODY = YES;
				CLANG_WARN_ENUM_CONVERSION = YES;
				CLANG_WARN_INFINITE_RECURSION = YES;
				CLANG_WARN_INT_CONVERSION = YES;
				CLANG_WARN_NON_LITERAL_NULL_CONVERSION = YES;
				CLANG_WARN_OBJC_IMPLICIT_RETAIN_SELF = YES;
				CLANG_WARN_OBJC_LITERAL_CONVERSION = YES;
				CLANG_WARN_OBJC_ROOT_CLASS = YES_ERROR;
				CLANG_WARN_QUOTED_INCLUDE_IN_FRAMEWORK_HEADER = YES;
				CLANG_WARN_RANGE_LOOP_ANALYSIS = YES;
				CLANG_WARN_STRICT_PROTOTYPES = YES;
				CLANG_WARN_SUSPICIOUS_MOVE = YES;
				CLANG_WARN_UNGUARDED_AVAILABILITY = YES_AGGRESSIVE;
				CLANG_WARN_UNREACHABLE_CODE = YES;
				CLANG_WARN__DUPLICATE_METHOD_MATCH = YES;
				COPY_PHASE_STRIP = NO;
				DEBUG_INFORMATION_FORMAT = "dwarf-with-dsym";
				ENABLE_NS_ASSERTIONS = NO;
				ENABLE_STRICT_OBJC_MSGSEND = YES;
				ENABLE_USER_SCRIPT_SANDBOXING = YES;
				GCC_C_LANGUAGE_STANDARD = gnu17;
				GCC_NO_COMMON_BLOCKS = YES;
				GCC_WARN_64_TO_32_BIT_CONVERSION = YES;
				GCC_WARN_ABOUT_RETURN_TYPE = YES_ERROR;
				GCC_WARN_UNDECLARED_SELECTOR = YES;
				GCC_WARN_UNINITIALIZED_AUTOS = YES_AGGRESSIVE;
				GCC_WARN_UNUSED_FUNCTION = YES;
				GCC_WARN_UNUSED_VARIABLE = YES;
				LOCALIZATION_PREFERS_STRING_CATALOGS = YES;
				MTL_ENABLE_DEBUG_INFO = NO;
				MTL_FAST_MATH = YES;
				SWIFT_COMPILATION_MODE = wholemodule;
			};
			name = Release;
		};
		386A8D442DAA864A00BCD162 /* Debug */ = {
			isa = XCBuildConfiguration;
			buildSettings = {
				ASSETCATALOG_COMPILER_APPICON_NAME = AppIcon;
				ASSETCATALOG_COMPILER_GLOBAL_ACCENT_COLOR_NAME = AccentColor;
				CODE_SIGN_ENTITLEMENTS = RSSReader/RSSReader.entitlements;
				CODE_SIGN_STYLE = Automatic;
				CURRENT_PROJECT_VERSION = 1;
				DEVELOPMENT_ASSET_PATHS = "\"RSSReader/Preview Content\"";
				ENABLE_PREVIEWS = YES;
				GENERATE_INFOPLIST_FILE = YES;
				"INFOPLIST_KEY_UIApplicationSceneManifest_Generation[sdk=iphoneos*]" = YES;
				"INFOPLIST_KEY_UIApplicationSceneManifest_Generation[sdk=iphonesimulator*]" = YES;
				"INFOPLIST_KEY_UIApplicationSupportsIndirectInputEvents[sdk=iphoneos*]" = YES;
				"INFOPLIST_KEY_UIApplicationSupportsIndirectInputEvents[sdk=iphonesimulator*]" = YES;
				"INFOPLIST_KEY_UILaunchScreen_Generation[sdk=iphoneos*]" = YES;
				"INFOPLIST_KEY_UILaunchScreen_Generation[sdk=iphonesimulator*]" = YES;
				"INFOPLIST_KEY_UIStatusBarStyle[sdk=iphoneos*]" = UIStatusBarStyleDefault;
				"INFOPLIST_KEY_UIStatusBarStyle[sdk=iphonesimulator*]" = UIStatusBarStyleDefault;
				INFOPLIST_KEY_UISupportedInterfaceOrientations = UIInterfaceOrientationPortrait;
				IPHONEOS_DEPLOYMENT_TARGET = 17.0;
				LD_RUNPATH_SEARCH_PATHS = "@executable_path/Frameworks";
				"LD_RUNPATH_SEARCH_PATHS[sdk=macosx*]" = "@executable_path/../Frameworks";
				MACOSX_DEPLOYMENT_TARGET = 15.2;
				MARKETING_VERSION = 1.0;
				PRODUCT_BUNDLE_IDENTIFIER = hr.maminjo.RSSReader;
				PRODUCT_NAME = "$(TARGET_NAME)";
				SDKROOT = auto;
				SUPPORTED_PLATFORMS = "iphoneos iphonesimulator";
				SUPPORTS_MACCATALYST = NO;
				SWIFT_EMIT_LOC_STRINGS = YES;
				SWIFT_VERSION = 5.0;
				TARGETED_DEVICE_FAMILY = 1;
				XROS_DEPLOYMENT_TARGET = 2.2;
			};
			name = Debug;
		};
		386A8D452DAA864A00BCD162 /* Release */ = {
			isa = XCBuildConfiguration;
			buildSettings = {
				ASSETCATALOG_COMPILER_APPICON_NAME = AppIcon;
				ASSETCATALOG_COMPILER_GLOBAL_ACCENT_COLOR_NAME = AccentColor;
				CODE_SIGN_ENTITLEMENTS = RSSReader/RSSReader.entitlements;
				CODE_SIGN_STYLE = Automatic;
				CURRENT_PROJECT_VERSION = 1;
				DEVELOPMENT_ASSET_PATHS = "\"RSSReader/Preview Content\"";
				ENABLE_PREVIEWS = YES;
				GENERATE_INFOPLIST_FILE = YES;
				"INFOPLIST_KEY_UIApplicationSceneManifest_Generation[sdk=iphoneos*]" = YES;
				"INFOPLIST_KEY_UIApplicationSceneManifest_Generation[sdk=iphonesimulator*]" = YES;
				"INFOPLIST_KEY_UIApplicationSupportsIndirectInputEvents[sdk=iphoneos*]" = YES;
				"INFOPLIST_KEY_UIApplicationSupportsIndirectInputEvents[sdk=iphonesimulator*]" = YES;
				"INFOPLIST_KEY_UILaunchScreen_Generation[sdk=iphoneos*]" = YES;
				"INFOPLIST_KEY_UILaunchScreen_Generation[sdk=iphonesimulator*]" = YES;
				"INFOPLIST_KEY_UIStatusBarStyle[sdk=iphoneos*]" = UIStatusBarStyleDefault;
				"INFOPLIST_KEY_UIStatusBarStyle[sdk=iphonesimulator*]" = UIStatusBarStyleDefault;
				INFOPLIST_KEY_UISupportedInterfaceOrientations = UIInterfaceOrientationPortrait;
				IPHONEOS_DEPLOYMENT_TARGET = 17.0;
				LD_RUNPATH_SEARCH_PATHS = "@executable_path/Frameworks";
				"LD_RUNPATH_SEARCH_PATHS[sdk=macosx*]" = "@executable_path/../Frameworks";
				MACOSX_DEPLOYMENT_TARGET = 15.2;
				MARKETING_VERSION = 1.0;
				PRODUCT_BUNDLE_IDENTIFIER = hr.maminjo.RSSReader;
				PRODUCT_NAME = "$(TARGET_NAME)";
				SDKROOT = auto;
				SUPPORTED_PLATFORMS = "iphoneos iphonesimulator";
				SUPPORTS_MACCATALYST = NO;
				SWIFT_EMIT_LOC_STRINGS = YES;
				SWIFT_VERSION = 5.0;
				TARGETED_DEVICE_FAMILY = 1;
				XROS_DEPLOYMENT_TARGET = 2.2;
			};
			name = Release;
		};
		386A8D472DAA864A00BCD162 /* Debug */ = {
			isa = XCBuildConfiguration;
			buildSettings = {
				BUNDLE_LOADER = "$(TEST_HOST)";
				CODE_SIGN_STYLE = Automatic;
				CURRENT_PROJECT_VERSION = 1;
				GENERATE_INFOPLIST_FILE = YES;
				IPHONEOS_DEPLOYMENT_TARGET = 17.0;
				MACOSX_DEPLOYMENT_TARGET = 15.2;
				MARKETING_VERSION = 1.0;
				PRODUCT_BUNDLE_IDENTIFIER = hr.maminjo.RSSReaderTests;
				PRODUCT_NAME = "$(TARGET_NAME)";
				SDKROOT = auto;
				SUPPORTED_PLATFORMS = "iphoneos iphonesimulator";
				SUPPORTS_MACCATALYST = NO;
				SWIFT_EMIT_LOC_STRINGS = NO;
				SWIFT_VERSION = 5.0;
				TARGETED_DEVICE_FAMILY = 1;
				TEST_HOST = "$(BUILT_PRODUCTS_DIR)/RSSReader.app/$(BUNDLE_EXECUTABLE_FOLDER_PATH)/RSSReader";
				XROS_DEPLOYMENT_TARGET = 2.2;
			};
			name = Debug;
		};
		386A8D482DAA864A00BCD162 /* Release */ = {
			isa = XCBuildConfiguration;
			buildSettings = {
				BUNDLE_LOADER = "$(TEST_HOST)";
				CODE_SIGN_STYLE = Automatic;
				CURRENT_PROJECT_VERSION = 1;
				GENERATE_INFOPLIST_FILE = YES;
				IPHONEOS_DEPLOYMENT_TARGET = 17.0;
				MACOSX_DEPLOYMENT_TARGET = 15.2;
				MARKETING_VERSION = 1.0;
				PRODUCT_BUNDLE_IDENTIFIER = hr.maminjo.RSSReaderTests;
				PRODUCT_NAME = "$(TARGET_NAME)";
				SDKROOT = auto;
				SUPPORTED_PLATFORMS = "iphoneos iphonesimulator";
				SUPPORTS_MACCATALYST = NO;
				SWIFT_EMIT_LOC_STRINGS = NO;
				SWIFT_VERSION = 5.0;
				TARGETED_DEVICE_FAMILY = 1;
				TEST_HOST = "$(BUILT_PRODUCTS_DIR)/RSSReader.app/$(BUNDLE_EXECUTABLE_FOLDER_PATH)/RSSReader";
				XROS_DEPLOYMENT_TARGET = 2.2;
			};
			name = Release;
		};
		386A8D4A2DAA864A00BCD162 /* Debug */ = {
			isa = XCBuildConfiguration;
			buildSettings = {
				CODE_SIGN_STYLE = Automatic;
				CURRENT_PROJECT_VERSION = 1;
				GENERATE_INFOPLIST_FILE = YES;
				IPHONEOS_DEPLOYMENT_TARGET = 17.0;
				MACOSX_DEPLOYMENT_TARGET = 15.2;
				MARKETING_VERSION = 1.0;
				PRODUCT_BUNDLE_IDENTIFIER = hr.maminjo.RSSReaderUITests;
				PRODUCT_NAME = "$(TARGET_NAME)";
				SDKROOT = auto;
				SUPPORTED_PLATFORMS = "iphoneos iphonesimulator";
				SUPPORTS_MACCATALYST = NO;
				SWIFT_EMIT_LOC_STRINGS = NO;
				SWIFT_VERSION = 5.0;
				TARGETED_DEVICE_FAMILY = 1;
				TEST_TARGET_NAME = RSSReader;
				XROS_DEPLOYMENT_TARGET = 2.2;
			};
			name = Debug;
		};
		386A8D4B2DAA864A00BCD162 /* Release */ = {
			isa = XCBuildConfiguration;
			buildSettings = {
				CODE_SIGN_STYLE = Automatic;
				CURRENT_PROJECT_VERSION = 1;
				GENERATE_INFOPLIST_FILE = YES;
				IPHONEOS_DEPLOYMENT_TARGET = 17.0;
				MACOSX_DEPLOYMENT_TARGET = 15.2;
				MARKETING_VERSION = 1.0;
				PRODUCT_BUNDLE_IDENTIFIER = hr.maminjo.RSSReaderUITests;
				PRODUCT_NAME = "$(TARGET_NAME)";
				SDKROOT = auto;
				SUPPORTED_PLATFORMS = "iphoneos iphonesimulator";
				SUPPORTS_MACCATALYST = NO;
				SWIFT_EMIT_LOC_STRINGS = NO;
				SWIFT_VERSION = 5.0;
				TARGETED_DEVICE_FAMILY = 1;
				TEST_TARGET_NAME = RSSReader;
				XROS_DEPLOYMENT_TARGET = 2.2;
			};
			name = Release;
		};
/* End XCBuildConfiguration section */

/* Begin XCConfigurationList section */
		386A8D192DAA864900BCD162 /* Build configuration list for PBXProject "RSSReader" */ = {
			isa = XCConfigurationList;
			buildConfigurations = (
				386A8D412DAA864A00BCD162 /* Debug */,
				386A8D422DAA864A00BCD162 /* Release */,
			);
			defaultConfigurationIsVisible = 0;
			defaultConfigurationName = Release;
		};
		386A8D432DAA864A00BCD162 /* Build configuration list for PBXNativeTarget "RSSReader" */ = {
			isa = XCConfigurationList;
			buildConfigurations = (
				386A8D442DAA864A00BCD162 /* Debug */,
				386A8D452DAA864A00BCD162 /* Release */,
			);
			defaultConfigurationIsVisible = 0;
			defaultConfigurationName = Release;
		};
		386A8D462DAA864A00BCD162 /* Build configuration list for PBXNativeTarget "RSSReaderTests" */ = {
			isa = XCConfigurationList;
			buildConfigurations = (
				386A8D472DAA864A00BCD162 /* Debug */,
				386A8D482DAA864A00BCD162 /* Release */,
			);
			defaultConfigurationIsVisible = 0;
			defaultConfigurationName = Release;
		};
		386A8D492DAA864A00BCD162 /* Build configuration list for PBXNativeTarget "RSSReaderUITests" */ = {
			isa = XCConfigurationList;
			buildConfigurations = (
				386A8D4A2DAA864A00BCD162 /* Debug */,
				386A8D4B2DAA864A00BCD162 /* Release */,
			);
			defaultConfigurationIsVisible = 0;
			defaultConfigurationName = Release;
		};
/* End XCConfigurationList section */

/* Begin XCSwiftPackageProductDependency section */
		382CFC162DAFA4F600CFBB7D /* Common */ = {
			isa = XCSwiftPackageProductDependency;
			productName = Common;
		};
		382CFC182DAFA4F600CFBB7D /* FeedItemsFeature */ = {
			isa = XCSwiftPackageProductDependency;
			productName = FeedItemsFeature;
		};
		382CFC1A2DAFA4F600CFBB7D /* PersistenceClient */ = {
			isa = XCSwiftPackageProductDependency;
			productName = PersistenceClient;
		};
		386201402DB137FF00613CA2 /* NotificationClient */ = {
			isa = XCSwiftPackageProductDependency;
			productName = NotificationClient;
		};
		3882B1C22DAFE47B0069A7E1 /* TabBarFeature */ = {
			isa = XCSwiftPackageProductDependency;
			productName = TabBarFeature;
		};
		388B93BE2DAD202C0096CB2E /* FeedListFeature */ = {
			isa = XCSwiftPackageProductDependency;
			productName = FeedListFeature;
		};
		38C352E22DABF64F008FA670 /* RSSClient */ = {
			isa = XCSwiftPackageProductDependency;
			productName = RSSClient;
		};
		38C352E42DABF64F008FA670 /* SharedModels */ = {
			isa = XCSwiftPackageProductDependency;
			productName = SharedModels;
		};
/* End XCSwiftPackageProductDependency section */
	};
	rootObject = 386A8D162DAA864900BCD162 /* Project object */;
}
